{
  "name": "project_node",
  "version": "1.0.0",
  "lockfileVersion": 1,
  "requires": true,
  "dependencies": {
    "bindings": {
      "version": "1.2.1",
      "resolved": "https://registry.npmjs.org/bindings/-/bindings-1.2.1.tgz",
      "integrity": "sha1-FK1hE4EtLTfXLme0ystLtyZQXxE="
    },
    "co": {
      "version": "4.6.0",
      "resolved": "https://registry.npmjs.org/co/-/co-4.6.0.tgz",
      "integrity": "sha1-bqa989hTrlTMuOR7+gvz+QMfsYQ="
    },
    "collections": {
      "version": "5.1.2",
      "resolved": "https://registry.npmjs.org/collections/-/collections-5.1.2.tgz",
      "integrity": "sha512-hG01lBeGUdQcUvkzYz6CdLIQqMkFIF40+mLmuy81JgC9+CelKFfA213DnvrNeUWTNGILGKOFVLK6OltDB/XIwg==",
      "requires": {
        "weak-map": "~1.0.x"
      }
    },
    "eventemitter3": {
      "version": "2.0.3",
      "resolved": "https://registry.npmjs.org/eventemitter3/-/eventemitter3-2.0.3.tgz",
      "integrity": "sha1-teEHm1n7XhuidxwKmTvgYKWMmbo="
    },
    "events": {
      "version": "2.0.0",
      "resolved": "https://registry.npmjs.org/events/-/events-2.0.0.tgz",
      "integrity": "sha512-r/M5YkNg9zwI8QbSf7tsDWWJvO3PGwZXyG7GpFAxtMASnHL2eblFd7iHiGPtyGKKFPZ59S63NeX10Ws6WqGDcg=="
    },
    "greenlet": {
      "version": "1.0.1",
      "resolved": "https://registry.npmjs.org/greenlet/-/greenlet-1.0.1.tgz",
      "integrity": "sha512-srK6gegTVzHkRpLK3fFqJ4tuEeuCut9WzmL8EjKsOOlyKRb1GIWlUg09c832pYKzUWkYa2QDSkyDs47+yfoDQA=="
    },
    "msgpack": {
      "version": "1.0.2",
      "resolved": "https://registry.npmjs.org/msgpack/-/msgpack-1.0.2.tgz",
      "integrity": "sha1-kj4sXP+mXIQY6bIo0RJHk5acQpw=",
      "requires": {
        "nan": "^2.0.9"
      }
    },
    "nan": {
      "version": "2.10.0",
      "resolved": "https://registry.npmjs.org/nan/-/nan-2.10.0.tgz",
      "integrity": "sha512-bAdJv7fBLhWC+/Bls0Oza+mvTaNQtP+1RyhhhvD95pgUJz6XM5IzgmxOkItJ9tkoCiplvAnXI1tNmmUD/eScyA=="
    },
    "native-promise-only": {
      "version": "0.8.1",
      "resolved": "https://registry.npmjs.org/native-promise-only/-/native-promise-only-0.8.1.tgz",
      "integrity": "sha1-IKMYwwy0X3H+et+/eyHJnBRy7xE="
    },
    "sleep": {
      "version": "5.1.1",
      "resolved": "https://registry.npmjs.org/sleep/-/sleep-5.1.1.tgz",
      "integrity": "sha1-h4+h1E0I7rDyb7IBjvhinrGjq5Q=",
      "requires": {
        "nan": ">=2.5.1"
      }
    },
    "threads": {
      "version": "0.11.0",
      "resolved": "https://registry.npmjs.org/threads/-/threads-0.11.0.tgz",
      "integrity": "sha512-Wvr0ZrMchpyvQwwGaJWmtAryQTOHN3tvciuIgMG+OA1co18YwiZIW4lGPE0Z0+kFZbEzyIbIX5s2Lq7H46tCTA==",
      "requires": {
        "eventemitter3": "^2.0.2",
        "native-promise-only": "^0.8.1"
      }
    },
    "underscore": {
      "version": "1.3.3",
      "resolved": "https://registry.npmjs.org/underscore/-/underscore-1.3.3.tgz",
      "integrity": "sha1-R6xTaD2vgyv6lS4XdEF9pHgXrkI="
    },
    "uuid": {
      "version": "3.2.1",
      "resolved": "https://registry.npmjs.org/uuid/-/uuid-3.2.1.tgz",
      "integrity": "sha512-jZnMwlb9Iku/O3smGWvZhauCf6cvvpKi4BKRiliS3cxnI+Gz9j5MEpTz2UFuXiKPJocb7gnsLHwiS05ige5BEA=="
    },
    "weak-map": {
      "version": "1.0.5",
      "resolved": "https://registry.npmjs.org/weak-map/-/weak-map-1.0.5.tgz",
      "integrity": "sha1-eWkVhNmGB/UHC9O3CkDmuyLkAes="
    },
    "zerorpc": {
      "version": "0.9.7",
      "resolved": "https://registry.npmjs.org/zerorpc/-/zerorpc-0.9.7.tgz",
      "integrity": "sha1-ZN2zLOjJNL6lQ07IHKIulxBFqGA=",
      "requires": {
        "msgpack": "1.0.2",
        "underscore": "1.3.3",
        "uuid": "^3.0.0",
        "zmq": "2.x"
      }
    },
    "zmq": {
      "version": "2.15.3",
      "resolved": "https://registry.npmjs.org/zmq/-/zmq-2.15.3.tgz",
      "integrity": "sha1-Zsbegsw2sJc0uCBwN3ZJCm+75iQ=",
      "requires": {
        "bindings": "~1.2.1",
        "nan": "~2.3.0"
      },
      "dependencies": {
        "nan": {
          "version": "2.3.5",
          "resolved": "https://registry.npmjs.org/nan/-/nan-2.3.5.tgz",
          "integrity": "sha1-gioNwmYpDOTNOhIoLKPn42Rmigg="
        }
      }
    }
  }
}
